
Microsoft Visual Studio Solution File, Format Version 12.00
# Visual Studio Version 17
VisualStudioVersion = 17.6.33829.357
MinimumVisualStudioVersion = 10.0.40219.1
Project("{9A19103F-16F7-4668-BE54-9A1E7A4F7556}") = "APILayer", "..\APILayer\APILayer.csproj", "{8442355C-467B-4C1D-8868-545822C09A53}"
EndProject
Project("{9A19103F-16F7-4668-BE54-9A1E7A4F7556}") = "MVCLayer", "..\MVCLayer\MVCLayer.csproj", "{583F222C-DA3F-4335-8BC7-CCD6794720F8}"
EndProject
Project("{9A19103F-16F7-4668-BE54-9A1E7A4F7556}") = "ModelLayer", "..\ModelLayer\ModelLayer.csproj", "{403D067C-20B2-48CE-B350-F543D935C381}"
EndProject
Project("{FAE04EC0-301F-11D3-BF4B-00C04F79EFBC}") = "EntityFrameWorkLayer", "EntityFrameWorkLayer\EntityFrameWorkLayer.csproj", "{54B32F6C-326E-4D0F-B2B4-4911520EDC60}"
EndProject
Global
	GlobalSection(SolutionConfigurationPlatforms) = preSolution
		Debug|Any CPU = Debug|Any CPU
		Release|Any CPU = Release|Any CPU
	EndGlobalSection
	GlobalSection(ProjectConfigurationPlatforms) = postSolution
		{8442355C-467B-4C1D-8868-545822C09A53}.Debug|Any CPU.ActiveCfg = Debug|Any CPU
		{8442355C-467B-4C1D-8868-545822C09A53}.Debug|Any CPU.Build.0 = Debug|Any CPU
		{8442355C-467B-4C1D-8868-545822C09A53}.Release|Any CPU.ActiveCfg = Release|Any CPU
		{8442355C-467B-4C1D-8868-545822C09A53}.Release|Any CPU.Build.0 = Release|Any CPU
		{583F222C-DA3F-4335-8BC7-CCD6794720F8}.Debug|Any CPU.ActiveCfg = Debug|Any CPU
		{583F222C-DA3F-4335-8BC7-CCD6794720F8}.Debug|Any CPU.Build.0 = Debug|Any CPU
		{583F222C-DA3F-4335-8BC7-CCD6794720F8}.Release|Any CPU.ActiveCfg = Release|Any CPU
		{583F222C-DA3F-4335-8BC7-CCD6794720F8}.Release|Any CPU.Build.0 = Release|Any CPU
		{403D067C-20B2-48CE-B350-F543D935C381}.Debug|Any CPU.ActiveCfg = Debug|Any CPU
		{403D067C-20B2-48CE-B350-F543D935C381}.Debug|Any CPU.Build.0 = Debug|Any CPU
		{403D067C-20B2-48CE-B350-F543D935C381}.Release|Any CPU.ActiveCfg = Release|Any CPU
		{403D067C-20B2-48CE-B350-F543D935C381}.Release|Any CPU.Build.0 = Release|Any CPU
		{54B32F6C-326E-4D0F-B2B4-4911520EDC60}.Debug|Any CPU.ActiveCfg = Debug|Any CPU
		{54B32F6C-326E-4D0F-B2B4-4911520EDC60}.Debug|Any CPU.Build.0 = Debug|Any CPU
		{54B32F6C-326E-4D0F-B2B4-4911520EDC60}.Release|Any CPU.ActiveCfg = Release|Any CPU
		{54B32F6C-326E-4D0F-B2B4-4911520EDC60}.Release|Any CPU.Build.0 = Release|Any CPU
	EndGlobalSection
	GlobalSection(SolutionProperties) = preSolution
		HideSolutionNode = FALSE
	EndGlobalSection
	GlobalSection(ExtensibilityGlobals) = postSolution
		SolutionGuid = {4C6FD46E-00C0-46A8-B2D8-D9D52E600458}
	EndGlobalSection
EndGlobal
